// !$*UTF8*$!
{
	archiveVersion = 1;
	classes = {
	};
	objectVersion = 56;
	objects = {

/* Begin PBXBuildFile section */
		50810EB52A1EAC9A002812AA /* AppDelegate.swift in Sources */ = {isa = PBXBuildFile; fileRef = 50810EB42A1EAC9A002812AA /* AppDelegate.swift */; };
		50810EB72A1EAC9A002812AA /* SceneDelegate.swift in Sources */ = {isa = PBXBuildFile; fileRef = 50810EB62A1EAC9A002812AA /* SceneDelegate.swift */; };
		50810EB92A1EAC9A002812AA /* ViewController.swift in Sources */ = {isa = PBXBuildFile; fileRef = 50810EB82A1EAC9A002812AA /* ViewController.swift */; };
		50810EBC2A1EAC9A002812AA /* Main.storyboard in Resources */ = {isa = PBXBuildFile; fileRef = 50810EBA2A1EAC9A002812AA /* Main.storyboard */; };
		50810EBE2A1EAC9C002812AA /* Assets.xcassets in Resources */ = {isa = PBXBuildFile; fileRef = 50810EBD2A1EAC9C002812AA /* Assets.xcassets */; };
		50810EC12A1EAC9C002812AA /* LaunchScreen.storyboard in Resources */ = {isa = PBXBuildFile; fileRef = 50810EBF2A1EAC9C002812AA /* LaunchScreen.storyboard */; };
		50810ECD2A1F0178002812AA /* API_Helper.swift in Sources */ = {isa = PBXBuildFile; fileRef = 50810ECC2A1F0178002812AA /* API_Helper.swift */; };
/* End PBXBuildFile section */

/* Begin PBXFileReference section */
		50810EB12A1EAC9A002812AA /* Assignment_IOS-1.app */ = {isa = PBXFileReference; explicitFileType = wrapper.application; includeInIndex = 0; path = "Assignment_IOS-1.app"; sourceTree = BUILT_PRODUCTS_DIR; };
		50810EB42A1EAC9A002812AA /* AppDelegate.swift */ = {isa = PBXFileReference; lastKnownFileType = sourcecode.swift; path = AppDelegate.swift; sourceTree = "<group>"; };
		50810EB62A1EAC9A002812AA /* SceneDelegate.swift */ = {isa = PBXFileReference; lastKnownFileType = sourcecode.swift; path = SceneDelegate.swift; sourceTree = "<group>"; };
		50810EB82A1EAC9A002812AA /* ViewController.swift */ = {isa = PBXFileReference; lastKnownFileType = sourcecode.swift; path = ViewController.swift; sourceTree = "<group>"; };
		50810EBB2A1EAC9A002812AA /* Base */ = {isa = PBXFileReference; lastKnownFileType = file.storyboard; name = Base; path = Base.lproj/Main.storyboard; sourceTree = "<group>"; };
		50810EBD2A1EAC9C002812AA /* Assets.xcassets */ = {isa = PBXFileReference; lastKnownFileType = folder.assetcatalog; path = Assets.xcassets; sourceTree = "<group>"; };
		50810EC02A1EAC9C002812AA /* Base */ = {isa = PBXFileReference; lastKnownFileType = file.storyboard; name = Base; path = Base.lproj/LaunchScreen.storyboard; sourceTree = "<group>"; };
		50810EC22A1EAC9C002812AA /* Info.plist */ = {isa = PBXFileReference; lastKnownFileType = text.plist.xml; path = Info.plist; sourceTree = "<group>"; };
		50810ECC2A1F0178002812AA /* API_Helper.swift */ = {isa = PBXFileReference; lastKnownFileType = sourcecode.swift; path = API_Helper.swift; sourceTree = "<group>"; };
/* End PBXFileReference section */

/* Begin PBXFrameworksBuildPhase section */
		50810EAE2A1EAC9A002812AA /* Frameworks */ = {
			isa = PBXFrameworksBuildPhase;
			buildActionMask = 2147483647;
			files = (
			);
			runOnlyForDeploymentPostprocessing = 0;
		};
/* End PBXFrameworksBuildPhase section */

/* Begin PBXGroup section */
		50810EA82A1EAC9A002812AA = {
			isa = PBXGroup;
			children = (
				50810EB32A1EAC9A002812AA /* Assignment_IOS-1 */,
				50810EB22A1EAC9A002812AA /* Products */,
			);
			sourceTree = "<group>";
		};
		50810EB22A1EAC9A002812AA /* Products */ = {
			isa = PBXGroup;
			children = (
				50810EB12A1EAC9A002812AA /* Assignment_IOS-1.app */,
			);
			name = Products;
			sourceTree = "<group>";
		};
		50810EB32A1EAC9A002812AA /* Assignment_IOS-1 */ = {
			isa = PBXGroup;
			children = (
				50810EB42A1EAC9A002812AA /* AppDelegate.swift */,
				50810EB62A1EAC9A002812AA /* SceneDelegate.swift */,
				50810EB82A1EAC9A002812AA /* ViewController.swift */,
				50810ECC2A1F0178002812AA /* API_Helper.swift */,
				50810EBA2A1EAC9A002812AA /* Main.storyboard */,
				50810EBD2A1EAC9C002812AA /* Assets.xcassets */,
				50810EBF2A1EAC9C002812AA /* LaunchScreen.storyboard */,
				50810EC22A1EAC9C002812AA /* Info.plist */,
			);
			path = "Assignment_IOS-1";
			sourceTree = "<group>";
		};
/* End PBXGroup section */

/* Begin PBXNativeTarget section */
		50810EB02A1EAC9A002812AA /* Assignment_IOS-1 */ = {
			isa = PBXNativeTarget;
			buildConfigurationList = 50810EC52A1EAC9C002812AA /* Build configuration list for PBXNativeTarget "Assignment_IOS-1" */;
			buildPhases = (
				50810EAD2A1EAC9A002812AA /* Sources */,
				50810EAE2A1EAC9A002812AA /* Frameworks */,
				50810EAF2A1EAC9A002812AA /* Resources */,
			);
			buildRules = (
			);
			dependencies = (
			);
			name = "Assignment_IOS-1";
			productName = "Assignment_IOS-1";
			productReference = 50810EB12A1EAC9A002812AA /* Assignment_IOS-1.app */;
			productType = "com.apple.product-type.application";
		};
/* End PBXNativeTarget section */

/* Begin PBXProject section */
		50810EA92A1EAC9A002812AA /* Project object */ = {
			isa = PBXProject;
			attributes = {
				BuildIndependentTargetsInParallel = 1;
				LastSwiftUpdateCheck = 1430;
				LastUpgradeCheck = 1430;
				TargetAttributes = {
					50810EB02A1EAC9A002812AA = {
						CreatedOnToolsVersion = 14.3;
					};
				};
			};
			buildConfigurationList = 50810EAC2A1EAC9A002812AA /* Build configuration list for PBXProject "Assignment_IOS-1" */;
			compatibilityVersion = "Xcode 14.0";
			developmentRegion = en;
			hasScannedForEncodings = 0;
			knownRegions = (
				en,
				Base,
			);
			mainGroup = 50810EA82A1EAC9A002812AA;
			productRefGroup = 50810EB22A1EAC9A002812AA /* Products */;
			projectDirPath = "";
			projectRoot = "";
			targets = (
				50810EB02A1EAC9A002812AA /* Assignment_IOS-1 */,
			);
		};
/* End PBXProject section */

/* Begin PBXResourcesBuildPhase section */
		50810EAF2A1EAC9A002812AA /* Resources */ = {
			isa = PBXResourcesBuildPhase;
			buildActionMask = 2147483647;
			files = (
				50810EC12A1EAC9C002812AA /* LaunchScreen.storyboard in Resources */,
				50810EBE2A1EAC9C002812AA /* Assets.xcassets in Resources */,
				50810EBC2A1EAC9A002812AA /* Main.storyboard in Resources */,
			);
			runOnlyForDeploymentPostprocessing = 0;
		};
/* End PBXResourcesBuildPhase section */

/* Begin PBXSourcesBuildPhase section */
		50810EAD2A1EAC9A002812AA /* Sources */ = {
			isa = PBXSourcesBuildPhase;
			buildActionMask = 2147483647;
			files = (
				50810ECD2A1F0178002812AA /* API_Helper.swift in Sources */,
				50810EB92A1EAC9A002812AA /* ViewController.swift in Sources */,
				50810EB52A1EAC9A002812AA /* AppDelegate.swift in Sources */,
				50810EB72A1EAC9A002812AA /* SceneDelegate.swift in Sources */,
			);
			runOnlyForDeploymentPostprocessing = 0;
		};
/* End PBXSourcesBuildPhase section */

/* Begin PBXVariantGroup section */
		50810EBA2A1EAC9A002812AA /* Main.storyboard */ = {
			isa = PBXVariantGroup;
			children = (
				50810EBB2A1EAC9A002812AA /* Base */,
			);
			name = Main.storyboard;
			sourceTree = "<group>";
		};
		50810EBF2A1EAC9C002812AA /* LaunchScreen.storyboard */ = {
			isa = PBXVariantGroup;
			children = (
				50810EC02A1EAC9C002812AA /* Base */,
			);
			name = LaunchScreen.storyboard;
			sourceTree = "<group>";
		};
/* End PBXVariantGroup section */

/* Begin XCBuildConfiguration section */
		50810EC32A1EAC9C002812AA /* Debug */ = {
			isa = XCBuildConfiguration;
			buildSettings = {
				ALWAYS_SEARCH_USER_PATHS = NO;
				CLANG_ANALYZER_NONNULL = YES;
				CLANG_ANALYZER_NUMBER_OBJECT_CONVERSION = YES_AGGRESSIVE;
				CLANG_CXX_LANGUAGE_STANDARD = "gnu++20";
				CLANG_ENABLE_MODULES = YES;
				CLANG_ENABLE_OBJC_ARC = YES;
				CLANG_ENABLE_OBJC_WEAK = YES;
				CLANG_WARN_BLOCK_CAPTURE_AUTORELEASING = YES;
				CLANG_WARN_BOOL_CONVERSION = YES;
				CLANG_WARN_COMMA = YES;
				CLANG_WARN_CONSTANT_CONVERSION = YES;
				CLANG_WARN_DEPRECATED_OBJC_IMPLEMENTATIONS = YES;
				CLANG_WARN_DIRECT_OBJC_ISA_USAGE = YES_ERROR;
				CLANG_WARN_DOCUMENTATION_COMMENTS = YES;
				CLANG_WARN_EMPTY_BODY = YES;
				CLANG_WARN_ENUM_CONVERSION = YES;
				CLANG_WARN_INFINITE_RECURSION = YES;
				CLANG_WARN_INT_CONVERSION = YES;
				CLANG_WARN_NON_LITERAL_NULL_CONVERSION = YES;
				CLANG_WARN_OBJC_IMPLICIT_RETAIN_SELF = YES;
				CLANG_WARN_OBJC_LITERAL_CONVERSION = YES;
				CLANG_WARN_OBJC_ROOT_CLASS = YES_ERROR;
				CLANG_WARN_QUOTED_INCLUDE_IN_FRAMEWORK_HEADER = YES;
				CLANG_WARN_RANGE_LOOP_ANALYSIS = YES;
				CLANG_WARN_STRICT_PROTOTYPES = YES;
				CLANG_WARN_SUSPICIOUS_MOVE = YES;
				CLANG_WARN_UNGUARDED_AVAILABILITY = YES_AGGRESSIVE;
				CLANG_WARN_UNREACHABLE_CODE = YES;
				CLANG_WARN__DUPLICATE_METHOD_MATCH = YES;
				COPY_PHASE_STRIP = NO;
				DEBUG_INFORMATION_FORMAT = dwarf;
				ENABLE_STRICT_OBJC_MSGSEND = YES;
				ENABLE_TESTABILITY = YES;
				GCC_C_LANGUAGE_STANDARD = gnu11;
				GCC_DYNAMIC_NO_PIC = NO;
				GCC_NO_COMMON_BLOCKS = YES;
				GCC_OPTIMIZATION_LEVEL = 0;
				GCC_PREPROCESSOR_DEFINITIONS = (
					"DEBUG=1",
					"$(inherited)",
				);
				GCC_WARN_64_TO_32_BIT_CONVERSION = YES;
				GCC_WARN_ABOUT_RETURN_TYPE = YES_ERROR;
				GCC_WARN_UNDECLARED_SELECTOR = YES;
				GCC_WARN_UNINITIALIZED_AUTOS = YES_AGGRESSIVE;
				GCC_WARN_UNUSED_FUNCTION = YES;
				GCC_WARN_UNUSED_VARIABLE = YES;
				IPHONEOS_DEPLOYMENT_TARGET = 16.4;
				MTL_ENABLE_DEBUG_INFO = INCLUDE_SOURCE;
				MTL_FAST_MATH = YES;
				ONLY_ACTIVE_ARCH = YES;
				SDKROOT = iphoneos;
				SWIFT_ACTIVE_COMPILATION_CONDITIONS = DEBUG;
				SWIFT_OPTIMIZATION_LEVEL = "-Onone";
			};
			name = Debug;
		};
		50810EC42A1EAC9C002812AA /* Release */ = {
			isa = XCBuildConfiguration;
			buildSettings = {
				ALWAYS_SEARCH_USER_PATHS = NO;
				CLANG_ANALYZER_NONNULL = YES;
				CLANG_ANALYZER_NUMBER_OBJECT_CONVERSION = YES_AGGRESSIVE;
				CLANG_CXX_LANGUAGE_STANDARD = "gnu++20";
				CLANG_ENABLE_MODULES = YES;
				CLANG_ENABLE_OBJC_ARC = YES;
				CLANG_ENABLE_OBJC_WEAK = YES;
				CLANG_WARN_BLOCK_CAPTURE_AUTORELEASING = YES;
				CLANG_WARN_BOOL_CONVERSION = YES;
				CLANG_WARN_COMMA = YES;
				CLANG_WARN_CONSTANT_CONVERSION = YES;
				CLANG_WARN_DEPRECATED_OBJC_IMPLEMENTATIONS = YES;
				CLANG_WARN_DIRECT_OBJC_ISA_USAGE = YES_ERROR;
				CLANG_WARN_DOCUMENTATION_COMMENTS = YES;
				CLANG_WARN_EMPTY_BODY = YES;
				CLANG_WARN_ENUM_CONVERSION = YES;
				CLANG_WARN_INFINITE_RECURSION = YES;
				CLANG_WARN_INT_CONVERSION = YES;
				CLANG_WARN_NON_LITERAL_NULL_CONVERSION = YES;
				CLANG_WARN_OBJC_IMPLICIT_RETAIN_SELF = YES;
				CLANG_WARN_OBJC_LITERAL_CONVERSION = YES;
				CLANG_WARN_OBJC_ROOT_CLASS = YES_ERROR;
				CLANG_WARN_QUOTED_INCLUDE_IN_FRAMEWORK_HEADER = YES;
				CLANG_WARN_RANGE_LOOP_ANALYSIS = YES;
				CLANG_WARN_STRICT_PROTOTYPES = YES;
				CLANG_WARN_SUSPICIOUS_MOVE = YES;
				CLANG_WARN_UNGUARDED_AVAILABILITY = YES_AGGRESSIVE;
				CLANG_WARN_UNREACHABLE_CODE = YES;
				CLANG_WARN__DUPLICATE_METHOD_MATCH = YES;
				COPY_PHASE_STRIP = NO;
				DEBUG_INFORMATION_FORMAT = "dwarf-with-dsym";
				ENABLE_NS_ASSERTIONS = NO;
				ENABLE_STRICT_OBJC_MSGSEND = YES;
				GCC_C_LANGUAGE_STANDARD = gnu11;
				GCC_NO_COMMON_BLOCKS = YES;
				GCC_WARN_64_TO_32_BIT_CONVERSION = YES;
				GCC_WARN_ABOUT_RETURN_TYPE = YES_ERROR;
				GCC_WARN_UNDECLARED_SELECTOR = YES;
				GCC_WARN_UNINITIALIZED_AUTOS = YES_AGGRESSIVE;
				GCC_WARN_UNUSED_FUNCTION = YES;
				GCC_WARN_UNUSED_VARIABLE = YES;
				IPHONEOS_DEPLOYMENT_TARGET = 16.4;
				MTL_ENABLE_DEBUG_INFO = NO;
				MTL_FAST_MATH = YES;
				SDKROOT = iphoneos;
				SWIFT_COMPILATION_MODE = wholemodule;
				SWIFT_OPTIMIZATION_LEVEL = "-O";
				VALIDATE_PRODUCT = YES;
			};
			name = Release;
		};
		50810EC62A1EAC9C002812AA /* Debug */ = {
			isa = XCBuildConfiguration;
			buildSettings = {
				ASSETCATALOG_COMPILER_APPICON_NAME = AppIcon;
				ASSETCATALOG_COMPILER_GLOBAL_ACCENT_COLOR_NAME = AccentColor;
				CODE_SIGN_STYLE = Automatic;
				CURRENT_PROJECT_VERSION = 1;
				DEVELOPMENT_TEAM = 3G7WZ45J98;
				GENERATE_INFOPLIST_FILE = YES;
				INFOPLIST_FILE = "Assignment_IOS-1/Info.plist";
				INFOPLIST_KEY_UIApplicationSupportsIndirectInputEvents = YES;
				INFOPLIST_KEY_UILaunchStoryboardName = LaunchScreen;
				INFOPLIST_KEY_UIMainStoryboardFile = Main;
				INFOPLIST_KEY_UISupportedInterfaceOrientations_iPad = "UIInterfaceOrientationPortrait UIInterfaceOrientationPortraitUpsideDown UIInterfaceOrientationLandscapeLeft UIInterfaceOrientationLandscapeRight";
				INFOPLIST_KEY_UISupportedInterfaceOrientations_iPhone = "UIInterfaceOrientationPortrait UIInterfaceOrientationLandscapeLeft UIInterfaceOrientationLandscapeRight";
				LD_RUNPATH_SEARCH_PATHS = (
					"$(inherited)",
					"@executable_path/Frameworks",
				);
				MARKETING_VERSION = 1.0;
				PRODUCT_BUNDLE_IDENTIFIER = "College.Assignment-IOS-1";
				PRODUCT_NAME = "$(TARGET_NAME)";
				SWIFT_EMIT_LOC_STRINGS = YES;
				SWIFT_VERSION = 5.0;
				TARGETED_DEVICE_FAMILY = "1,2";
			};
			name = Debug;
		};
		50810EC72A1EAC9C002812AA /* Release */ = {
			isa = XCBuildConfiguration;
			buildSettings = {
				ASSETCATALOG_COMPILER_APPICON_NAME = AppIcon;
				ASSETCATALOG_COMPILER_GLOBAL_ACCENT_COLOR_NAME = AccentColor;
				CODE_SIGN_STYLE = Automatic;
				CURRENT_PROJECT_VERSION = 1;
				DEVELOPMENT_TEAM = 3G7WZ45J98;
				GENERATE_INFOPLIST_FILE = YES;
				INFOPLIST_FILE = "Assignment_IOS-1/Info.plist";
				INFOPLIST_KEY_UIApplicationSupportsIndirectInputEvents = YES;
				INFOPLIST_KEY_UILaunchStoryboardName = LaunchScreen;
				INFOPLIST_KEY_UIMainStoryboardFile = Main;
				INFOPLIST_KEY_UISupportedInterfaceOrientations_iPad = "UIInterfaceOrientationPortrait UIInterfaceOrientationPortraitUpsideDown UIInterfaceOrientationLandscapeLeft UIInterfaceOrientationLandscapeRight";
				INFOPLIST_KEY_UISupportedInterfaceOrientations_iPhone = "UIInterfaceOrientationPortrait UIInterfaceOrientationLandscapeLeft UIInterfaceOrientationLandscapeRight";
				LD_RUNPATH_SEARCH_PATHS = (
					"$(inherited)",
					"@executable_path/Frameworks",
				);
				MARKETING_VERSION = 1.0;
				PRODUCT_BUNDLE_IDENTIFIER = "College.Assignment-IOS-1";
				PRODUCT_NAME = "$(TARGET_NAME)";
				SWIFT_EMIT_LOC_STRINGS = YES;
				SWIFT_VERSION = 5.0;
				TARGETED_DEVICE_FAMILY = "1,2";
			};
			name = Release;
		};
/* End XCBuildConfiguration section */

/* Begin XCConfigurationList section */
		50810EAC2A1EAC9A002812AA /* Build configuration list for PBXProject "Assignment_IOS-1" */ = {
			isa = XCConfigurationList;
			buildConfigurations = (
				50810EC32A1EAC9C002812AA /* Debug */,
				50810EC42A1EAC9C002812AA /* Release */,
			);
			defaultConfigurationIsVisible = 0;
			defaultConfigurationName = Release;
		};
		50810EC52A1EAC9C002812AA /* Build configuration list for PBXNativeTarget "Assignment_IOS-1" */ = {
			isa = XCConfigurationList;
			buildConfigurations = (
				50810EC62A1EAC9C002812AA /* Debug */,
				50810EC72A1EAC9C002812AA /* Release */,
			);
			defaultConfigurationIsVisible = 0;
			defaultConfigurationName = Release;
		};
/* End XCConfigurationList section */
	};
	rootObject = 50810EA92A1EAC9A002812AA /* Project object */;
}
